// !$*UTF8*$!
{
	archiveVersion = 1;
	classes = {
	};
	objectVersion = 50;
	objects = {

/* Begin PBXBuildFile section */
		FEDE793122181AF000FCB370 /* AppDelegate.swift in Sources */ = {isa = PBXBuildFile; fileRef = FEDE793022181AF000FCB370 /* AppDelegate.swift */; };
		FEDE793322181AF000FCB370 /* ViewController.swift in Sources */ = {isa = PBXBuildFile; fileRef = FEDE793222181AF000FCB370 /* ViewController.swift */; };
		FEDE793622181AF000FCB370 /* Main.storyboard in Resources */ = {isa = PBXBuildFile; fileRef = FEDE793422181AF000FCB370 /* Main.storyboard */; };
		FEDE793822181AF200FCB370 /* Assets.xcassets in Resources */ = {isa = PBXBuildFile; fileRef = FEDE793722181AF200FCB370 /* Assets.xcassets */; };
		FEDE793B22181AF200FCB370 /* LaunchScreen.storyboard in Resources */ = {isa = PBXBuildFile; fileRef = FEDE793922181AF200FCB370 /* LaunchScreen.storyboard */; };
		FEDE794322181B4100FCB370 /* AlertViewController.swift in Sources */ = {isa = PBXBuildFile; fileRef = FEDE794222181B4100FCB370 /* AlertViewController.swift */; };
		FEDE794522186F1600FCB370 /* AlertService.swift in Sources */ = {isa = PBXBuildFile; fileRef = FEDE794422186F1600FCB370 /* AlertService.swift */; };
		FEDE794722186FE100FCB370 /* AlertStoryboard.storyboard in Resources */ = {isa = PBXBuildFile; fileRef = FEDE794622186FE100FCB370 /* AlertStoryboard.storyboard */; };
/* End PBXBuildFile section */

/* Begin PBXFileReference section */
		FEDE792D22181AF000FCB370 /* customAlertDemo.app */ = {isa = PBXFileReference; explicitFileType = wrapper.application; includeInIndex = 0; path = customAlertDemo.app; sourceTree = BUILT_PRODUCTS_DIR; };
		FEDE793022181AF000FCB370 /* AppDelegate.swift */ = {isa = PBXFileReference; lastKnownFileType = sourcecode.swift; path = AppDelegate.swift; sourceTree = "<group>"; };
		FEDE793222181AF000FCB370 /* ViewController.swift */ = {isa = PBXFileReference; lastKnownFileType = sourcecode.swift; path = ViewController.swift; sourceTree = "<group>"; };
		FEDE793522181AF000FCB370 /* Base */ = {isa = PBXFileReference; lastKnownFileType = file.storyboard; name = Base; path = Base.lproj/Main.storyboard; sourceTree = "<group>"; };
		FEDE793722181AF200FCB370 /* Assets.xcassets */ = {isa = PBXFileReference; lastKnownFileType = folder.assetcatalog; path = Assets.xcassets; sourceTree = "<group>"; };
		FEDE793A22181AF200FCB370 /* Base */ = {isa = PBXFileReference; lastKnownFileType = file.storyboard; name = Base; path = Base.lproj/LaunchScreen.storyboard; sourceTree = "<group>"; };
		FEDE793C22181AF200FCB370 /* Info.plist */ = {isa = PBXFileReference; lastKnownFileType = text.plist.xml; path = Info.plist; sourceTree = "<group>"; };
		FEDE794222181B4100FCB370 /* AlertViewController.swift */ = {isa = PBXFileReference; lastKnownFileType = sourcecode.swift; path = AlertViewController.swift; sourceTree = "<group>"; };
		FEDE794422186F1600FCB370 /* AlertService.swift */ = {isa = PBXFileReference; lastKnownFileType = sourcecode.swift; path = AlertService.swift; sourceTree = "<group>"; };
		FEDE794622186FE100FCB370 /* AlertStoryboard.storyboard */ = {isa = PBXFileReference; lastKnownFileType = file.storyboard; path = AlertStoryboard.storyboard; sourceTree = "<group>"; };
/* End PBXFileReference section */

/* Begin PBXFrameworksBuildPhase section */
		FEDE792A22181AEF00FCB370 /* Frameworks */ = {
			isa = PBXFrameworksBuildPhase;
			buildActionMask = 2147483647;
			files = (
			);
			runOnlyForDeploymentPostprocessing = 0;
		};
/* End PBXFrameworksBuildPhase section */

/* Begin PBXGroup section */
		FEDE792422181AEF00FCB370 = {
			isa = PBXGroup;
			children = (
				FEDE792F22181AF000FCB370 /* customAlertDemo */,
				FEDE792E22181AF000FCB370 /* Products */,
			);
			sourceTree = "<group>";
		};
		FEDE792E22181AF000FCB370 /* Products */ = {
			isa = PBXGroup;
			children = (
				FEDE792D22181AF000FCB370 /* customAlertDemo.app */,
			);
			name = Products;
			sourceTree = "<group>";
		};
		FEDE792F22181AF000FCB370 /* customAlertDemo */ = {
			isa = PBXGroup;
			children = (
				FEDE793022181AF000FCB370 /* AppDelegate.swift */,
				FEDE793222181AF000FCB370 /* ViewController.swift */,
				FEDE794222181B4100FCB370 /* AlertViewController.swift */,
				FEDE794422186F1600FCB370 /* AlertService.swift */,
				FEDE793422181AF000FCB370 /* Main.storyboard */,
				FEDE794622186FE100FCB370 /* AlertStoryboard.storyboard */,
				FEDE793722181AF200FCB370 /* Assets.xcassets */,
				FEDE793922181AF200FCB370 /* LaunchScreen.storyboard */,
				FEDE793C22181AF200FCB370 /* Info.plist */,
			);
			path = customAlertDemo;
			sourceTree = "<group>";
		};
/* End PBXGroup section */

/* Begin PBXNativeTarget section */
		FEDE792C22181AEF00FCB370 /* customAlertDemo */ = {
			isa = PBXNativeTarget;
			buildConfigurationList = FEDE793F22181AF200FCB370 /* Build configuration list for PBXNativeTarget "customAlertDemo" */;
			buildPhases = (
				FEDE792922181AEF00FCB370 /* Sources */,
				FEDE792A22181AEF00FCB370 /* Frameworks */,
				FEDE792B22181AEF00FCB370 /* Resources */,
			);
			buildRules = (
			);
			dependencies = (
			);
			name = customAlertDemo;
			productName = customAlertDemo;
			productReference = FEDE792D22181AF000FCB370 /* customAlertDemo.app */;
			productType = "com.apple.product-type.application";
		};
/* End PBXNativeTarget section */

/* Begin PBXProject section */
		FEDE792522181AEF00FCB370 /* Project object */ = {
			isa = PBXProject;
			attributes = {
				LastSwiftUpdateCheck = 1010;
				LastUpgradeCheck = 1010;
				ORGANIZATIONNAME = "Abhishek Jangid";
				TargetAttributes = {
					FEDE792C22181AEF00FCB370 = {
						CreatedOnToolsVersion = 10.1;
					};
				};
			};
			buildConfigurationList = FEDE792822181AEF00FCB370 /* Build configuration list for PBXProject "customAlertDemo" */;
			compatibilityVersion = "Xcode 9.3";
			developmentRegion = en;
			hasScannedForEncodings = 0;
			knownRegions = (
				en,
				Base,
			);
			mainGroup = FEDE792422181AEF00FCB370;
			productRefGroup = FEDE792E22181AF000FCB370 /* Products */;
			projectDirPath = "";
			projectRoot = "";
			targets = (
				FEDE792C22181AEF00FCB370 /* customAlertDemo */,
			);
		};
/* End PBXProject section */

/* Begin PBXResourcesBuildPhase section */
		FEDE792B22181AEF00FCB370 /* Resources */ = {
			isa = PBXResourcesBuildPhase;
			buildActionMask = 2147483647;
			files = (
				FEDE793B22181AF200FCB370 /* LaunchScreen.storyboard in Resources */,
				FEDE793822181AF200FCB370 /* Assets.xcassets in Resources */,
				FEDE794722186FE100FCB370 /* AlertStoryboard.storyboard in Resources */,
				FEDE793622181AF000FCB370 /* Main.storyboard in Resources */,
			);
			runOnlyForDeploymentPostprocessing = 0;
		};
/* End PBXResourcesBuildPhase section */

/* Begin PBXSourcesBuildPhase section */
		FEDE792922181AEF00FCB370 /* Sources */ = {
			isa = PBXSourcesBuildPhase;
			buildActionMask = 2147483647;
			files = (
				FEDE793322181AF000FCB370 /* ViewController.swift in Sources */,
				FEDE794322181B4100FCB370 /* AlertViewController.swift in Sources */,
				FEDE794522186F1600FCB370 /* AlertService.swift in Sources */,
				FEDE793122181AF000FCB370 /* AppDelegate.swift in Sources */,
			);
			runOnlyForDeploymentPostprocessing = 0;
		};
/* End PBXSourcesBuildPhase section */

/* Begin PBXVariantGroup section */
		FEDE793422181AF000FCB370 /* Main.storyboard */ = {
			isa = PBXVariantGroup;
			children = (
				FEDE793522181AF000FCB370 /* Base */,
			);
			name = Main.storyboard;
			sourceTree = "<group>";
		};
		FEDE793922181AF200FCB370 /* LaunchScreen.storyboard */ = {
			isa = PBXVariantGroup;
			children = (
				FEDE793A22181AF200FCB370 /* Base */,
			);
			name = LaunchScreen.storyboard;
			sourceTree = "<group>";
		};
/* End PBXVariantGroup section */

/* Begin XCBuildConfiguration section */
		FEDE793D22181AF200FCB370 /* Debug */ = {
			isa = XCBuildConfiguration;
			buildSettings = {
				ALWAYS_SEARCH_USER_PATHS = NO;
				CLANG_ANALYZER_NONNULL = YES;
				CLANG_ANALYZER_NUMBER_OBJECT_CONVERSION = YES_AGGRESSIVE;
				CLANG_CXX_LANGUAGE_STANDARD = "gnu++14";
				CLANG_CXX_LIBRARY = "libc++";
				CLANG_ENABLE_MODULES = YES;
				CLANG_ENABLE_OBJC_ARC = YES;
				CLANG_ENABLE_OBJC_WEAK = YES;
				CLANG_WARN_BLOCK_CAPTURE_AUTORELEASING = YES;
				CLANG_WARN_BOOL_CONVERSION = YES;
				CLANG_WARN_COMMA = YES;
				CLANG_WARN_CONSTANT_CONVERSION = YES;
				CLANG_WARN_DEPRECATED_OBJC_IMPLEMENTATIONS = YES;
				CLANG_WARN_DIRECT_OBJC_ISA_USAGE = YES_ERROR;
				CLANG_WARN_DOCUMENTATION_COMMENTS = YES;
				CLANG_WARN_EMPTY_BODY = YES;
				CLANG_WARN_ENUM_CONVERSION = YES;
				CLANG_WARN_INFINITE_RECURSION = YES;
				CLANG_WARN_INT_CONVERSION = YES;
				CLANG_WARN_NON_LITERAL_NULL_CONVERSION = YES;
				CLANG_WARN_OBJC_IMPLICIT_RETAIN_SELF = YES;
				CLANG_WARN_OBJC_LITERAL_CONVERSION = YES;
				CLANG_WARN_OBJC_ROOT_CLASS = YES_ERROR;
				CLANG_WARN_RANGE_LOOP_ANALYSIS = YES;
				CLANG_WARN_STRICT_PROTOTYPES = YES;
				CLANG_WARN_SUSPICIOUS_MOVE = YES;
				CLANG_WARN_UNGUARDED_AVAILABILITY = YES_AGGRESSIVE;
				CLANG_WARN_UNREACHABLE_CODE = YES;
				CLANG_WARN__DUPLICATE_METHOD_MATCH = YES;
				CODE_SIGN_IDENTITY = "iPhone Developer";
				COPY_PHASE_STRIP = NO;
				DEBUG_INFORMATION_FORMAT = dwarf;
				ENABLE_STRICT_OBJC_MSGSEND = YES;
				ENABLE_TESTABILITY = YES;
				GCC_C_LANGUAGE_STANDARD = gnu11;
				GCC_DYNAMIC_NO_PIC = NO;
				GCC_NO_COMMON_BLOCKS = YES;
				GCC_OPTIMIZATION_LEVEL = 0;
				GCC_PREPROCESSOR_DEFINITIONS = (
					"DEBUG=1",
					"$(inherited)",
				);
				GCC_WARN_64_TO_32_BIT_CONVERSION = YES;
				GCC_WARN_ABOUT_RETURN_TYPE = YES_ERROR;
				GCC_WARN_UNDECLARED_SELECTOR = YES;
				GCC_WARN_UNINITIALIZED_AUTOS = YES_AGGRESSIVE;
				GCC_WARN_UNUSED_FUNCTION = YES;
				GCC_WARN_UNUSED_VARIABLE = YES;
				IPHONEOS_DEPLOYMENT_TARGET = 12.1;
				MTL_ENABLE_DEBUG_INFO = INCLUDE_SOURCE;
				MTL_FAST_MATH = YES;
				ONLY_ACTIVE_ARCH = YES;
				SDKROOT = iphoneos;
				SWIFT_ACTIVE_COMPILATION_CONDITIONS = DEBUG;
				SWIFT_OPTIMIZATION_LEVEL = "-Onone";
			};
			name = Debug;
		};
		FEDE793E22181AF200FCB370 /* Release */ = {
			isa = XCBuildConfiguration;
			buildSettings = {
				ALWAYS_SEARCH_USER_PATHS = NO;
				CLANG_ANALYZER_NONNULL = YES;
				CLANG_ANALYZER_NUMBER_OBJECT_CONVERSION = YES_AGGRESSIVE;
				CLANG_CXX_LANGUAGE_STANDARD = "gnu++14";
				CLANG_CXX_LIBRARY = "libc++";
				CLANG_ENABLE_MODULES = YES;
				CLANG_ENABLE_OBJC_ARC = YES;
				CLANG_ENABLE_OBJC_WEAK = YES;
				CLANG_WARN_BLOCK_CAPTURE_AUTORELEASING = YES;
				CLANG_WARN_BOOL_CONVERSION = YES;
				CLANG_WARN_COMMA = YES;
				CLANG_WARN_CONSTANT_CONVERSION = YES;
				CLANG_WARN_DEPRECATED_OBJC_IMPLEMENTATIONS = YES;
				CLANG_WARN_DIRECT_OBJC_ISA_USAGE = YES_ERROR;
				CLANG_WARN_DOCUMENTATION_COMMENTS = YES;
				CLANG_WARN_EMPTY_BODY = YES;
				CLANG_WARN_ENUM_CONVERSION = YES;
				CLANG_WARN_INFINITE_RECURSION = YES;
				CLANG_WARN_INT_CONVERSION = YES;
				CLANG_WARN_NON_LITERAL_NULL_CONVERSION = YES;
				CLANG_WARN_OBJC_IMPLICIT_RETAIN_SELF = YES;
				CLANG_WARN_OBJC_LITERAL_CONVERSION = YES;
				CLANG_WARN_OBJC_ROOT_CLASS = YES_ERROR;
				CLANG_WARN_RANGE_LOOP_ANALYSIS = YES;
				CLANG_WARN_STRICT_PROTOTYPES = YES;
				CLANG_WARN_SUSPICIOUS_MOVE = YES;
				CLANG_WARN_UNGUARDED_AVAILABILITY = YES_AGGRESSIVE;
				CLANG_WARN_UNREACHABLE_CODE = YES;
				CLANG_WARN__DUPLICATE_METHOD_MATCH = YES;
				CODE_SIGN_IDENTITY = "iPhone Developer";
				COPY_PHASE_STRIP = NO;
				DEBUG_INFORMATION_FORMAT = "dwarf-with-dsym";
				ENABLE_NS_ASSERTIONS = NO;
				ENABLE_STRICT_OBJC_MSGSEND = YES;
				GCC_C_LANGUAGE_STANDARD = gnu11;
				GCC_NO_COMMON_BLOCKS = YES;
				GCC_WARN_64_TO_32_BIT_CONVERSION = YES;
				GCC_WARN_ABOUT_RETURN_TYPE = YES_ERROR;
				GCC_WARN_UNDECLARED_SELECTOR = YES;
				GCC_WARN_UNINITIALIZED_AUTOS = YES_AGGRESSIVE;
				GCC_WARN_UNUSED_FUNCTION = YES;
				GCC_WARN_UNUSED_VARIABLE = YES;
				IPHONEOS_DEPLOYMENT_TARGET = 12.1;
				MTL_ENABLE_DEBUG_INFO = NO;
				MTL_FAST_MATH = YES;
				SDKROOT = iphoneos;
				SWIFT_COMPILATION_MODE = wholemodule;
				SWIFT_OPTIMIZATION_LEVEL = "-O";
				VALIDATE_PRODUCT = YES;
			};
			name = Release;
		};
		FEDE794022181AF200FCB370 /* Debug */ = {
			isa = XCBuildConfiguration;
			buildSettings = {
				ASSETCATALOG_COMPILER_APPICON_NAME = AppIcon;
				CODE_SIGN_STYLE = Automatic;
				DEVELOPMENT_TEAM = WQ37X8TW3D;
				INFOPLIST_FILE = customAlertDemo/Info.plist;
				LD_RUNPATH_SEARCH_PATHS = (
					"$(inherited)",
					"@executable_path/Frameworks",
				);
				PRODUCT_BUNDLE_IDENTIFIER = com.ocr.base.customAlertDemo;
				PRODUCT_NAME = "$(TARGET_NAME)";
				SWIFT_VERSION = 4.2;
				TARGETED_DEVICE_FAMILY = "1,2";
			};
			name = Debug;
		};
		FEDE794122181AF200FCB370 /* Release */ = {
			isa = XCBuildConfiguration;
			buildSettings = {
				ASSETCATALOG_COMPILER_APPICON_NAME = AppIcon;
				CODE_SIGN_STYLE = Automatic;
				DEVELOPMENT_TEAM = WQ37X8TW3D;
				INFOPLIST_FILE = customAlertDemo/Info.plist;
				LD_RUNPATH_SEARCH_PATHS = (
					"$(inherited)",
					"@executable_path/Frameworks",
				);
				PRODUCT_BUNDLE_IDENTIFIER = com.ocr.base.customAlertDemo;
				PRODUCT_NAME = "$(TARGET_NAME)";
				SWIFT_VERSION = 4.2;
				TARGETED_DEVICE_FAMILY = "1,2";
			};
			name = Release;
		};
/* End XCBuildConfiguration section */

/* Begin XCConfigurationList section */
		FEDE792822181AEF00FCB370 /* Build configuration list for PBXProject "customAlertDemo" */ = {
			isa = XCConfigurationList;
			buildConfigurations = (
				FEDE793D22181AF200FCB370 /* Debug */,
				FEDE793E22181AF200FCB370 /* Release */,
			);
			defaultConfigurationIsVisible = 0;
			defaultConfigurationName = Release;
		};
		FEDE793F22181AF200FCB370 /* Build configuration list for PBXNativeTarget "customAlertDemo" */ = {
			isa = XCConfigurationList;
			buildConfigurations = (
				FEDE794022181AF200FCB370 /* Debug */,
				FEDE794122181AF200FCB370 /* Release */,
			);
			defaultConfigurationIsVisible = 0;
			defaultConfigurationName = Release;
		};
/* End XCConfigurationList section */
	};
	rootObject = FEDE792522181AEF00FCB370 /* Project object */;
}
